<Solution>
  <Project Path="Promptly.Application/Promptly.Application.csproj" />
  <Project Path="Promptly.Cli/Promptly.Cli.csproj" />
  <Project Path="Promptly.Domain/Promptly.Domain.csproj" />
  <Project Path="Promptly.Infrastructure/Promptly.Infrastructure.csproj" />
  <Project Path="Promptly.Sdk.DotNet/Promptly.Sdk.DotNet.csproj" />
  <Project Path="Promptly.Server/Promptly.Server.csproj" />
  <Project Path="tests/Promptly.Application.UnitTests/Promptly.Application.UnitTests.csproj" />
</Solution>
